<?xml version="1.0" encoding="UTF-8" standalone="yes" ?>
<CodeBlocks_project_file>
	<FileVersion major="1" minor="6" />
	<Project>
		<Option title="DemoGame" />
		<Option pch_mode="2" />
		<Option compiler="gcc" />
		<Build>
			<Target title="Debug">
				<Option output="bin/Debug/DemoGame" prefix_auto="1" extension_auto="1" />
				<Option object_output="obj/Debug/" />
				<Option type="1" />
				<Option compiler="gcc" />
				<Compiler>
					<Add option="-g" />
					<Add directory="src" />
					<Add directory="src/Enemy" />
					<Add directory="src/Tower" />
				</Compiler>
			</Target>
			<Target title="Release">
				<Option output="bin/Release/DemoGame" prefix_auto="1" extension_auto="1" />
				<Option object_output="obj/Release/" />
				<Option type="1" />
				<Option compiler="gcc" />
				<Compiler>
					<Add option="-O2" />
					<Add directory="src" />
					<Add directory="src/Enemy" />
					<Add directory="src/Tower" />
				</Compiler>
				<Linker>
					<Add option="-s" />
				</Linker>
			</Target>
		</Build>
		<Compiler>
			<Add option="-Wall" />
		</Compiler>
		<Unit filename="src/CommonFunc.cpp" />
		<Unit filename="src/CommonFunc.h" />
		<Unit filename="src/Enemy/BaseEnemy.cpp" />
		<Unit filename="src/Enemy/BaseEnemy.h" />
		<Unit filename="src/Game.cpp" />
		<Unit filename="src/Game.h" />
		<Unit filename="src/Level.cpp" />
		<Unit filename="src/Level.h" />
		<Unit filename="src/Main.cpp" />
		<Unit filename="src/MenuGame.cpp">
			<Option compile="0" />
			<Option link="0" />
		</Unit>
		<Unit filename="src/MenuGame.h" />
		<Unit filename="src/Move.cpp" />
		<Unit filename="src/Move.h" />
		<Unit filename="src/Player.cpp" />
		<Unit filename="src/Player.h" />
		<Unit filename="src/Timer.cpp" />
		<Unit filename="src/Timer.h" />
		<Unit filename="src/Tower.cpp" />
		<Unit filename="src/Tower.h" />
		<Unit filename="src/Tower/BaseTower.cpp" />
		<Unit filename="src/Tower/BaseTower.h" />
		<Unit filename="src/enemy.cpp" />
		<Unit filename="src/enemy.h" />
		<Unit filename="src/game_map.cpp" />
		<Unit filename="src/game_map.h" />
		<Unit filename="src/loadTTF.cpp" />
		<Unit filename="src/loadTTF.h" />
		<Unit filename="src/loadTexture.cpp" />
		<Unit filename="src/loadTexture.h" />
		<Extensions />
	</Project>
</CodeBlocks_project_file>
